
Microsoft Visual Studio Solution File, Format Version 12.00
# Visual Studio Version 16
VisualStudioVersion = 16.0.30011.22
MinimumVisualStudioVersion = 10.0.40219.1
Project("{8BC9CEB8-8B4A-11D0-8D11-00A0C91BC942}") = "Delegate", "Delegate.vcxproj", "{0983873B-C877-40FE-9A63-68C163B5DC34}"
EndProject
Global
	GlobalSection(SolutionConfigurationPlatforms) = preSolution
		Debug|x64 = Debug|x64
		Debug|x86 = Debug|x86
		Release|x64 = Release|x64
		Release|x86 = Release|x86
	EndGlobalSection
	GlobalSection(ProjectConfigurationPlatforms) = postSolution
		{0983873B-C877-40FE-9A63-68C163B5DC34}.Debug|x64.ActiveCfg = Debug|x64
		{0983873B-C877-40FE-9A63-68C163B5DC34}.Debug|x64.Build.0 = Debug|x64
		{0983873B-C877-40FE-9A63-68C163B5DC34}.Debug|x86.ActiveCfg = Debug|Win32
		{0983873B-C877-40FE-9A63-68C163B5DC34}.Debug|x86.Build.0 = Debug|Win32
		{0983873B-C877-40FE-9A63-68C163B5DC34}.Release|x64.ActiveCfg = Release|x64
		{0983873B-C877-40FE-9A63-68C163B5DC34}.Release|x64.Build.0 = Release|x64
		{0983873B-C877-40FE-9A63-68C163B5DC34}.Release|x86.ActiveCfg = Release|Win32
		{0983873B-C877-40FE-9A63-68C163B5DC34}.Release|x86.Build.0 = Release|Win32
	EndGlobalSection
	GlobalSection(SolutionProperties) = preSolution
		HideSolutionNode = FALSE
	EndGlobalSection
	GlobalSection(ExtensibilityGlobals) = postSolution
		SolutionGuid = {D602D4F3-ED3B-470A-87B2-7183A4A315C1}
	EndGlobalSection
EndGlobal
